{
  "name": "community-outreach-learning-center-web-application",
  "version": "1.0.0",
  "lockfileVersion": 1,
  "requires": true,
  "dependencies": {
    "trumbowyg": {
      "version": "2.15.1",
      "resolved": "https://registry.npmjs.org/trumbowyg/-/trumbowyg-2.15.1.tgz",
      "integrity": "sha512-F5ou5CSZtUkWOKREcArE4fMyi5nX9nQ0zwvxtpGXQjiNC5B/CPabbXbMLqNeuDfxIgF/qnq1eYN42rNP81YwzQ=="
    }
  }
}
